
Microsoft Visual Studio Solution File, Format Version 12.00
# Visual Studio Version 17
VisualStudioVersion = 17.4.33205.214
MinimumVisualStudioVersion = 10.0.40219.1
Project("{FAE04EC0-301F-11D3-BF4B-00C04F79EFBC}") = "SistemaLaboratorio", "SistemaLaboratorio.csproj", "{609C305E-364A-436D-8A26-15BB7F1B8C31}"
EndProject
Global
	GlobalSection(SolutionConfigurationPlatforms) = preSolution
		Debug|Any CPU = Debug|Any CPU
		Release|Any CPU = Release|Any CPU
	EndGlobalSection
	GlobalSection(ProjectConfigurationPlatforms) = postSolution
		{609C305E-364A-436D-8A26-15BB7F1B8C31}.Debug|Any CPU.ActiveCfg = Debug|Any CPU
		{609C305E-364A-436D-8A26-15BB7F1B8C31}.Debug|Any CPU.Build.0 = Debug|Any CPU
		{609C305E-364A-436D-8A26-15BB7F1B8C31}.Release|Any CPU.ActiveCfg = Release|Any CPU
		{609C305E-364A-436D-8A26-15BB7F1B8C31}.Release|Any CPU.Build.0 = Release|Any CPU
	EndGlobalSection
	GlobalSection(SolutionProperties) = preSolution
		HideSolutionNode = FALSE
	EndGlobalSection
	GlobalSection(ExtensibilityGlobals) = postSolution
		SolutionGuid = {AF2A2DA8-3F20-46CD-A556-3FA613656C7E}
	EndGlobalSection
EndGlobal
